{
	"name": "project-management-platform",
	"version": "1.0.0",
	"lockfileVersion": 1,
	"requires": true,
	"dependencies": {
		"@welldone-software/why-did-you-render": {
			"version": "4.2.5",
			"resolved": "https://registry.npmjs.org/@welldone-software/why-did-you-render/-/why-did-you-render-4.2.5.tgz",
			"integrity": "sha512-Uq4Gmi14bHDfWPGu1EuZKkdxlihXIyyfhAoP0nkA3qHTu8yit0iL1KO6Ldyno55otnjL3GHUY/MswMVvB5Ro8g==",
			"requires": {
				"lodash": "^4"
			}
		},
		"lodash": {
			"version": "4.17.15",
			"resolved": "https://registry.npmjs.org/lodash/-/lodash-4.17.15.tgz",
			"integrity": "sha512-8xOcRHvCjnocdS5cpwXQXVzmmh5e5+saE2QGoeQmbKmRS6J3VQppPOIt0MnmE+4xlZoumy0GPG0D0MVIQbNA1A=="
		}
	}
}
